# THIS IS AN AUTOGENERATED FILE. DO NOT EDIT THIS FILE DIRECTLY.
# yarn lockfile v1


"@alicloud/pop-core@^1.7.10":
  "integrity" "sha512-9/aLWgmgaAdB1ERNTpdOvF7wueLY5CDTRxKZr93x542iuYRA1NDpcKslFqLOy5CUOa0CbopET3JGaHSAz5qv9g=="
  "resolved" "https://registry.npmjs.org/@alicloud/pop-core/-/pop-core-1.7.10.tgz"
  "version" "1.7.10"
  dependencies:
    "debug" "^3.1.0"
    "httpx" "^2.1.2"
    "json-bigint" "^1.0.0"
    "kitx" "^1.2.1"
    "xml2js" "^0.4.17"

"@types/bson@*", "@types/bson@1.x || 4.0.x":
  "integrity" "sha512-vVLwMUqhYJSQ/WKcE60eFqcyuWse5fGH+NMAXHuKrUAPoryq3ATxk5o4bgYNtg5aOM4APVg7Hnb3ASqUYG0PKg=="
  "resolved" "https://registry.npmjs.org/@types/bson/-/bson-4.0.5.tgz"
  "version" "4.0.5"
  dependencies:
    "@types/node" "*"

"@types/formidable@^1.0.31":
  "integrity" "sha512-zu3mQJa4hDNubEMViSj937602XdDGzK7Q5pJ5QmLUbNxclbo9tZGt5jtwM352ssZ+pqo5V4H14TBvT/ALqQQcA=="
  "resolved" "https://registry.npmjs.org/@types/formidable/-/formidable-1.2.5.tgz"
  "version" "1.2.5"
  dependencies:
    "@types/node" "*"

"@types/mongodb@^3.5.27":
  "integrity" "sha512-WcdpPJCakFzcWWD9juKoZbRtQxKIMYF/JIAM4JrNHrMcnJL6/a2NWjXxW7fo9hxboxxkg+icff8d7+WIEvKgYQ=="
  "resolved" "https://registry.npmjs.org/@types/mongodb/-/mongodb-3.6.20.tgz"
  "version" "3.6.20"
  dependencies:
    "@types/bson" "*"
    "@types/node" "*"

"@types/node@*":
  "integrity" "sha512-cPjLXj8d6anFPzFvOPxS3fvly3Shm5nTfl6g8X5smexixbuGUf7hfr21J5tX9JW+UPStp/5P5R8qrKL5IyVJ+A=="
  "resolved" "https://registry.npmjs.org/@types/node/-/node-12.20.46.tgz"
  "version" "12.20.46"

"@types/node@^14":
  "integrity" "sha512-q4jlIR71hUpWTnGhXWcakgkZeHa3CCjcQcnuzU8M891BAWA2jHiziiWEPEkdS5pFsz7H9HJiy8BrK7tBRNrY7A=="
  "resolved" "https://registry.npmjs.org/@types/node/-/node-14.18.12.tgz"
  "version" "14.18.12"

"abbrev@1":
  "integrity" "sha512-nne9/IiQ/hzIhY6pdDnbBtz7DjPTKrY00P/zvPSm5pOFkl6xuGrGnXn/VtTNNfNtAfZ9/1RtehkszU9qcTii0Q=="
  "resolved" "https://registry.npmjs.org/abbrev/-/abbrev-1.1.1.tgz"
  "version" "1.1.1"

"accepts@^1.3.5":
  "integrity" "sha512-PYAthTa2m2VKxuvSD3DPC/Gy+U+sOA1LAuT8mkmRuvw+NACSaeXEQ+NHcVF7rONl6qcaxV3Uuemwawk+7+SJLw=="
  "resolved" "https://registry.npmjs.org/accepts/-/accepts-1.3.8.tgz"
  "version" "1.3.8"
  dependencies:
    "mime-types" "~2.1.34"
    "negotiator" "0.6.3"

"any-promise@^1.0.0", "any-promise@^1.1.0":
  "integrity" "sha1-q8av7tzqUugJzcA3au0845Y10X8="
  "resolved" "https://registry.npmjs.org/any-promise/-/any-promise-1.3.0.tgz"
  "version" "1.3.0"

"balanced-match@^1.0.0":
  "integrity" "sha512-3oSeUO0TMV67hN1AmbXsK4yaqU7tjiHlbxRDZOpH0KW9+CeX4bRAaX0Anxt0tx2MrpRpWwQaPwIlISEJhYU5Pw=="
  "resolved" "https://registry.npmjs.org/balanced-match/-/balanced-match-1.0.2.tgz"
  "version" "1.0.2"

"bignumber.js@^9.0.0", "bignumber.js@9.0.0":
  "integrity" "sha512-t/OYhhJ2SD+YGBQcjY8GzzDHEk9f3nerxjtfa6tlMXfe7frs/WozhvCNoGvpM0P3bNf3Gq5ZRMlGr5f3r4/N8A=="
  "resolved" "https://registry.npmjs.org/bignumber.js/-/bignumber.js-9.0.0.tgz"
  "version" "9.0.0"

"bl@^2.2.1":
  "integrity" "sha512-6Pesp1w0DEX1N550i/uGV/TqucVL4AM/pgThFSN/Qq9si1/DF9aIHs1BxD8V/QU0HoeHO6cQRTAuYnLPKq1e4g=="
  "resolved" "https://registry.npmjs.org/bl/-/bl-2.2.1.tgz"
  "version" "2.2.1"
  dependencies:
    "readable-stream" "^2.3.5"
    "safe-buffer" "^5.1.1"

"bluebird@^3.1.1":
  "integrity" "sha512-XpNj6GDQzdfW+r2Wnn7xiSAd7TM3jzkxGXBGTtWKuSXv1xUV+azxAm8jdWZN06QTQk+2N2XB9jRDkvbmQmcRtg=="
  "resolved" "https://registry.npmjs.org/bluebird/-/bluebird-3.7.2.tgz"
  "version" "3.7.2"

"bluebird@3.5.1":
  "integrity" "sha512-MKiLiV+I1AA596t9w1sQJ8jkiSr5+ZKi0WKrYGUn6d1Fx+Ij4tIj+m2WMQSGczs5jZVxV339chE8iwk6F64wjA=="
  "resolved" "https://registry.npmjs.org/bluebird/-/bluebird-3.5.1.tgz"
  "version" "3.5.1"

"brace-expansion@^1.1.7":
  "integrity" "sha512-iCuPHDFgrHX7H2vEI/5xpz07zSHB00TpugqhmYtVmMO6518mCuRMoOYFldEBl0g187ufozdaHgWKcYFb61qGiA=="
  "resolved" "https://registry.npmjs.org/brace-expansion/-/brace-expansion-1.1.11.tgz"
  "version" "1.1.11"
  dependencies:
    "balanced-match" "^1.0.0"
    "concat-map" "0.0.1"

"bson@^1.1.4":
  "integrity" "sha512-EvVNVeGo4tHxwi8L6bPj3y3itEvStdwvvlojVxxbyYfoaxJ6keLgrTuKdyfEAszFK+H3olzBuafE0yoh0D1gdg=="
  "resolved" "https://registry.npmjs.org/bson/-/bson-1.1.6.tgz"
  "version" "1.1.6"

"bytes@3.1.2":
  "integrity" "sha512-/Nf7TyzTx6S3yRJObOAV7956r8cr2+Oj8AC5dt8wSP3BQAoeX58NoHyCU8P8zGkNXStjTSi6fzO6F0pBdcYbEg=="
  "resolved" "https://registry.npmjs.org/bytes/-/bytes-3.1.2.tgz"
  "version" "3.1.2"

"cache-content-type@^1.0.0":
  "integrity" "sha512-IKufZ1o4Ut42YUrZSo8+qnMTrFuKkvyoLXUywKz9GJ5BrhOFGhLdkx9sG4KAnVvbY6kEcSFjLQul+DVmBm2bgA=="
  "resolved" "https://registry.npmjs.org/cache-content-type/-/cache-content-type-1.0.1.tgz"
  "version" "1.0.1"
  dependencies:
    "mime-types" "^2.1.18"
    "ylru" "^1.2.0"

"call-bind@^1.0.0":
  "integrity" "sha512-7O+FbCihrB5WGbFYesctwmTKae6rOiIzmz1icreWJ+0aA7LJfuqhEso2T9ncpcFtzMQtzXf2QGGueWJGTYsqrA=="
  "resolved" "https://registry.npmjs.org/call-bind/-/call-bind-1.0.2.tgz"
  "version" "1.0.2"
  dependencies:
    "function-bind" "^1.1.1"
    "get-intrinsic" "^1.0.2"

"charenc@0.0.2":
  "integrity" "sha1-wKHS86cJLgN3S/qD8UwPxXkKhmc="
  "resolved" "https://registry.npmjs.org/charenc/-/charenc-0.0.2.tgz"
  "version" "0.0.2"

"co-body@^5.1.1":
  "integrity" "sha512-sX/LQ7LqUhgyaxzbe7IqwPeTr2yfpfUIQ/dgpKo6ZI4y4lpQA0YxAomWIY+7I7rHWcG02PG+OuPREzMW/5tszQ=="
  "resolved" "https://registry.npmjs.org/co-body/-/co-body-5.2.0.tgz"
  "version" "5.2.0"
  dependencies:
    "inflation" "^2.0.0"
    "qs" "^6.4.0"
    "raw-body" "^2.2.0"
    "type-is" "^1.6.14"

"co-mysql@^0.4.1":
  "integrity" "sha1-cnPr/ydoHAPDivmAvH4o94p7GTk="
  "resolved" "https://registry.npmjs.org/co-mysql/-/co-mysql-0.4.1.tgz"
  "version" "0.4.1"
  dependencies:
    "mysql" "*"

"co@^3.1.0":
  "integrity" "sha1-TqVOpaCJOBUxheFSEMaNkJK8G3g="
  "resolved" "https://registry.npmjs.org/co/-/co-3.1.0.tgz"
  "version" "3.1.0"

"co@^4.6.0":
  "integrity" "sha1-bqa989hTrlTMuOR7+gvz+QMfsYQ="
  "resolved" "https://registry.npmjs.org/co/-/co-4.6.0.tgz"
  "version" "4.6.0"

"commander@^2.19.0":
  "integrity" "sha512-GpVkmM8vF2vQUkj2LvZmD35JxeJOLCwJ9cUkugyk2nuhbv3+mJvpLYYt+0+USMxE+oj+ey/lJEnhZw75x/OMcQ=="
  "resolved" "https://registry.npmjs.org/commander/-/commander-2.20.3.tgz"
  "version" "2.20.3"

"concat-map@0.0.1":
  "integrity" "sha1-2Klr13/Wjfd5OnMDajug1UBdR3s="
  "resolved" "https://registry.npmjs.org/concat-map/-/concat-map-0.0.1.tgz"
  "version" "0.0.1"

"condense-newlines@^0.2.1":
  "integrity" "sha1-PemFVTE5R10yUCyDsC9gaE0kxV8="
  "resolved" "https://registry.npmjs.org/condense-newlines/-/condense-newlines-0.2.1.tgz"
  "version" "0.2.1"
  dependencies:
    "extend-shallow" "^2.0.1"
    "is-whitespace" "^0.3.0"
    "kind-of" "^3.0.2"

"config-chain@^1.1.12":
  "integrity" "sha512-qj+f8APARXHrM0hraqXYb2/bOVSV4PvJQlNZ/DVj0QrmNM2q2euizkeuVckQ57J+W0mRH6Hvi+k50M4Jul2VRQ=="
  "resolved" "https://registry.npmjs.org/config-chain/-/config-chain-1.1.13.tgz"
  "version" "1.1.13"
  dependencies:
    "ini" "^1.3.4"
    "proto-list" "~1.2.1"

"consolidate@0.15.1":
  "integrity" "sha512-DW46nrsMJgy9kqAbPt5rKaCr7uFtpo4mSUvLHIUbJEjm0vo+aY5QLwBUq3FK4tRnJr/X0Psc0C4jf/h+HtXSMw=="
  "resolved" "https://registry.npmjs.org/consolidate/-/consolidate-0.15.1.tgz"
  "version" "0.15.1"
  dependencies:
    "bluebird" "^3.1.1"

"content-disposition@~0.5.2":
  "integrity" "sha512-FveZTNuGw04cxlAiWbzi6zTAL/lhehaWbTtgluJh4/E95DqMwTmha3KZN1aAWA8cFIhHzMZUvLevkw5Rqk+tSQ=="
  "resolved" "https://registry.npmjs.org/content-disposition/-/content-disposition-0.5.4.tgz"
  "version" "0.5.4"
  dependencies:
    "safe-buffer" "5.2.1"

"content-type@^1.0.4":
  "integrity" "sha512-hIP3EEPs8tB9AT1L+NUqtwOAps4mk2Zob89MWXMHjHWg9milF/j4osnnQLXBCBFBk/tvIG/tUc9mOUJiPBhPXA=="
  "resolved" "https://registry.npmjs.org/content-type/-/content-type-1.0.4.tgz"
  "version" "1.0.4"

"cookies@~0.8.0":
  "integrity" "sha512-8aPsApQfebXnuI+537McwYsDtjVxGm8gTIzQI3FDW6t5t/DAhERxtnbEPN/8RX+uZthoz4eCOgloXaE5cYyNow=="
  "resolved" "https://registry.npmjs.org/cookies/-/cookies-0.8.0.tgz"
  "version" "0.8.0"
  dependencies:
    "depd" "~2.0.0"
    "keygrip" "~1.1.0"

"core-util-is@~1.0.0":
  "integrity" "sha512-ZQBvi1DcpJ4GDqanjucZ2Hj3wEO5pZDS89BWbkcrvdxksJorwUDDZamX9ldFkp9aw2lmBDLgkObEA4DWNJ9FYQ=="
  "resolved" "https://registry.npmjs.org/core-util-is/-/core-util-is-1.0.3.tgz"
  "version" "1.0.3"

"crypt@0.0.2":
  "integrity" "sha1-iNf/fsDfuG9xPch7u0LQRNPmxBs="
  "resolved" "https://registry.npmjs.org/crypt/-/crypt-0.0.2.tgz"
  "version" "0.0.2"

"debug@^2.6.3":
  "integrity" "sha512-bC7ElrdJaJnPbAP+1EotYvqZsb3ecl5wi6Bfi6BJTUcNowp6cvspg0jXznRTKDjm/E7AdgFBVeAPVMNcKGsHMA=="
  "resolved" "https://registry.npmjs.org/debug/-/debug-2.6.9.tgz"
  "version" "2.6.9"
  dependencies:
    "ms" "2.0.0"

"debug@^3.1.0":
  "integrity" "sha512-CFjzYYAi4ThfiQvizrFQevTTXHtnCqWfe7x1AhgEscTz6ZbLbfoLRLPugTQyBth6f8ZERVUSyWHFD/7Wu4t1XQ=="
  "resolved" "https://registry.npmjs.org/debug/-/debug-3.2.7.tgz"
  "version" "3.2.7"
  dependencies:
    "ms" "^2.1.1"

"debug@^4.1.0", "debug@^4.1.1":
  "integrity" "sha512-/zxw5+vh1Tfv+4Qn7a5nsbcJKPaSvCDhojn6FEl9vupwK2VCSDtEiEtqr8DFtzYFOdz63LBkxec7DYuc2jon6Q=="
  "resolved" "https://registry.npmjs.org/debug/-/debug-4.3.3.tgz"
  "version" "4.3.3"
  dependencies:
    "ms" "2.1.2"

"debug@^4.3.2":
  "integrity" "sha512-/zxw5+vh1Tfv+4Qn7a5nsbcJKPaSvCDhojn6FEl9vupwK2VCSDtEiEtqr8DFtzYFOdz63LBkxec7DYuc2jon6Q=="
  "resolved" "https://registry.npmjs.org/debug/-/debug-4.3.3.tgz"
  "version" "4.3.3"
  dependencies:
    "ms" "2.1.2"

"debug@3.1.0":
  "integrity" "sha512-OX8XqP7/1a9cqkxYw2yXss15f26NKWBpDXQd0/uK/KPqdQhxbPa994hnzjcE2VqQpDslf55723cKPUOGSmMY3g=="
  "resolved" "https://registry.npmjs.org/debug/-/debug-3.1.0.tgz"
  "version" "3.1.0"
  dependencies:
    "ms" "2.0.0"

"deep-equal@^1.0.1", "deep-equal@~1.0.1":
  "integrity" "sha1-9dJgKStmDghO/0zbyfCK0yR0SLU="
  "resolved" "https://registry.npmjs.org/deep-equal/-/deep-equal-1.0.1.tgz"
  "version" "1.0.1"

"delegates@^1.0.0":
  "integrity" "sha1-hMbhWbgZBP3KWaDvRM2HDTElD5o="
  "resolved" "https://registry.npmjs.org/delegates/-/delegates-1.0.0.tgz"
  "version" "1.0.0"

"denque@^1.4.1":
  "integrity" "sha512-XwE+iZ4D6ZUB7mfYRMb5wByE8L74HCn30FBN7sWnXksWc1LO1bPDl67pBR9o/kC4z/xSNAwkMYcGgqDV3BE3Hw=="
  "resolved" "https://registry.npmjs.org/denque/-/denque-1.5.1.tgz"
  "version" "1.5.1"

"depd@^2.0.0", "depd@~2.0.0", "depd@2.0.0":
  "integrity" "sha512-g7nH6P6dyDioJogAAGprGpCtVImJhpPk/roCzdb3fIh61/s/nPsfR6onyMwkCAR/OlC3yBC0lESvUoQEAssIrw=="
  "resolved" "https://registry.npmjs.org/depd/-/depd-2.0.0.tgz"
  "version" "2.0.0"

"depd@~1.1.2":
  "integrity" "sha1-m81S4UwJd2PnSbJ0xDRu0uVgtak="
  "resolved" "https://registry.npmjs.org/depd/-/depd-1.1.2.tgz"
  "version" "1.1.2"

"destroy@^1.0.4":
  "integrity" "sha512-R5QZrOXxSs0JDUIU/VANvRJlQVMts9C0L76HToQdPdlftfZCE7W6dyH0G4GZ5UW9fRqUOhAoCE2aGekuu+3HjQ=="
  "resolved" "https://registry.npmjs.org/destroy/-/destroy-1.1.0.tgz"
  "version" "1.1.0"

"editorconfig@^0.15.3":
  "integrity" "sha512-M9wIMFx96vq0R4F+gRpY3o2exzb8hEj/n9S8unZtHSvYjibBp/iMufSzvmOcV/laG0ZtuTVGtiJggPOSW2r93g=="
  "resolved" "https://registry.npmjs.org/editorconfig/-/editorconfig-0.15.3.tgz"
  "version" "0.15.3"
  dependencies:
    "commander" "^2.19.0"
    "lru-cache" "^4.1.5"
    "semver" "^5.6.0"
    "sigmund" "^1.0.1"

"ee-first@1.1.1":
  "integrity" "sha1-WQxhFWsK4vTwJVcyoViyZrxWsh0="
  "resolved" "https://registry.npmjs.org/ee-first/-/ee-first-1.1.1.tgz"
  "version" "1.1.1"

"encodeurl@^1.0.2":
  "integrity" "sha1-rT/0yG7C0CkyL1oCw6mmBslbP1k="
  "resolved" "https://registry.npmjs.org/encodeurl/-/encodeurl-1.0.2.tgz"
  "version" "1.0.2"

"escape-html@^1.0.3":
  "integrity" "sha1-Aljq5NPQwJdN4cFpGI7wBR0dGYg="
  "resolved" "https://registry.npmjs.org/escape-html/-/escape-html-1.0.3.tgz"
  "version" "1.0.3"

"extend-shallow@^2.0.1":
  "integrity" "sha1-Ua99YUrZqfYQ6huvu5idaxxWiQ8="
  "resolved" "https://registry.npmjs.org/extend-shallow/-/extend-shallow-2.0.1.tgz"
  "version" "2.0.1"
  dependencies:
    "is-extendable" "^0.1.0"

"formidable@^1.1.1":
  "integrity" "sha512-KcpbcpuLNOwrEjnbpMC0gS+X8ciDoZE1kkqzat4a8vrprf+s9pKNQ/QIwWfbfs4ltgmFl3MD177SNTkve3BwGQ=="
  "resolved" "https://registry.npmjs.org/formidable/-/formidable-1.2.6.tgz"
  "version" "1.2.6"

"fresh@~0.5.2":
  "integrity" "sha1-PYyt2Q2XZWn6g1qx+OSyOhBWBac="
  "resolved" "https://registry.npmjs.org/fresh/-/fresh-0.5.2.tgz"
  "version" "0.5.2"

"fs.realpath@^1.0.0":
  "integrity" "sha1-FQStJSMVjKpA20onh8sBQRmU6k8="
  "resolved" "https://registry.npmjs.org/fs.realpath/-/fs.realpath-1.0.0.tgz"
  "version" "1.0.0"

"function-bind@^1.1.1":
  "integrity" "sha512-yIovAzMX49sF8Yl58fSCWJ5svSLuaibPxXQJFLmBObTuCr0Mf1KiPopGM9NiFjiYBCbfaa2Fh6breQ6ANVTI0A=="
  "resolved" "https://registry.npmjs.org/function-bind/-/function-bind-1.1.1.tgz"
  "version" "1.1.1"

"get-intrinsic@^1.0.2":
  "integrity" "sha512-kWZrnVM42QCiEA2Ig1bG8zjoIMOgxWwYCEeNdwY6Tv/cOSeGpcoX4pXHfKUxNKVoArnrEr2e9srnAxxGIraS9Q=="
  "resolved" "https://registry.npmjs.org/get-intrinsic/-/get-intrinsic-1.1.1.tgz"
  "version" "1.1.1"
  dependencies:
    "function-bind" "^1.1.1"
    "has" "^1.0.3"
    "has-symbols" "^1.0.1"

"get-paths@0.0.7":
  "integrity" "sha512-0wdJt7C1XKQxuCgouqd+ZvLJ56FQixKoki9MrFaO4EriqzXOiH9gbukaDE1ou08S8Ns3/yDzoBAISNPqj6e6tA=="
  "resolved" "https://registry.npmjs.org/get-paths/-/get-paths-0.0.7.tgz"
  "version" "0.0.7"
  dependencies:
    "pify" "^4.0.1"

"glob@^7.1.3":
  "integrity" "sha512-lmLf6gtyrPq8tTjSmrO94wBeQbFR3HbLHbuyD69wuyQkImp2hWqMGB47OX65FBkPffO641IP9jWa1z4ivqG26Q=="
  "resolved" "https://registry.npmjs.org/glob/-/glob-7.2.0.tgz"
  "version" "7.2.0"
  dependencies:
    "fs.realpath" "^1.0.0"
    "inflight" "^1.0.4"
    "inherits" "2"
    "minimatch" "^3.0.4"
    "once" "^1.3.0"
    "path-is-absolute" "^1.0.0"

"has-symbols@^1.0.1", "has-symbols@^1.0.2":
  "integrity" "sha512-chXa79rL/UC2KlX17jo3vRGz0azaWEx5tGqZg5pO3NUyEJVB17dMruQlzCCOfUvElghKcm5194+BCRvi2Rv/Gw=="
  "resolved" "https://registry.npmjs.org/has-symbols/-/has-symbols-1.0.2.tgz"
  "version" "1.0.2"

"has-tostringtag@^1.0.0":
  "integrity" "sha512-kFjcSNhnlGV1kyoGk7OXKSawH5JOb/LzUc5w9B02hOTO0dfFRjbHQKvg1d6cf3HbeUmtU9VbbV3qzZ2Teh97WQ=="
  "resolved" "https://registry.npmjs.org/has-tostringtag/-/has-tostringtag-1.0.0.tgz"
  "version" "1.0.0"
  dependencies:
    "has-symbols" "^1.0.2"

"has@^1.0.3":
  "integrity" "sha512-f2dvO0VU6Oej7RkWJGrehjbzMAjFp5/VKPp5tTpWIV4JHHZK1/BxbFRtf/siA2SWTe09caDmVtYYzWEIbBS4zw=="
  "resolved" "https://registry.npmjs.org/has/-/has-1.0.3.tgz"
  "version" "1.0.3"
  dependencies:
    "function-bind" "^1.1.1"

"http-assert@^1.3.0":
  "integrity" "sha512-uPpH7OKX4H25hBmU6G1jWNaqJGpTXxey+YOUizJUAgu0AjLUeC8D73hTrhvDS5D+GJN1DN1+hhc/eF/wpxtp0w=="
  "resolved" "https://registry.npmjs.org/http-assert/-/http-assert-1.5.0.tgz"
  "version" "1.5.0"
  dependencies:
    "deep-equal" "~1.0.1"
    "http-errors" "~1.8.0"

"http-errors@^1.3.1", "http-errors@^1.6.1", "http-errors@^1.6.3", "http-errors@^1.7.3", "http-errors@~1.8.0":
  "integrity" "sha512-Kpk9Sm7NmI+RHhnj6OIWDI1d6fIoFAtFt9RLaTMRlg/8w49juAStsrBgp0Dp4OdxdVbRIeKhtCUvoi/RuAhO4g=="
  "resolved" "https://registry.npmjs.org/http-errors/-/http-errors-1.8.1.tgz"
  "version" "1.8.1"
  dependencies:
    "depd" "~1.1.2"
    "inherits" "2.0.4"
    "setprototypeof" "1.2.0"
    "statuses" ">= 1.5.0 < 2"
    "toidentifier" "1.0.1"

"http-errors@~1.6.2":
  "integrity" "sha1-i1VoC7S+KDoLW/TqLjhYC+HZMg0="
  "resolved" "https://registry.npmjs.org/http-errors/-/http-errors-1.6.3.tgz"
  "version" "1.6.3"
  dependencies:
    "depd" "~1.1.2"
    "inherits" "2.0.3"
    "setprototypeof" "1.1.0"
    "statuses" ">= 1.4.0 < 2"

"http-errors@2.0.0":
  "integrity" "sha512-FtwrG/euBzaEjYeRqOgly7G0qviiXoJWnvEH2Z1plBdXgbyjv34pHTSb9zoeHMyDy33+DWy5Wt9Wo+TURtOYSQ=="
  "resolved" "https://registry.npmjs.org/http-errors/-/http-errors-2.0.0.tgz"
  "version" "2.0.0"
  dependencies:
    "depd" "2.0.0"
    "inherits" "2.0.4"
    "setprototypeof" "1.2.0"
    "statuses" "2.0.1"
    "toidentifier" "1.0.1"

"httpx@^2.1.2":
  "integrity" "sha512-Wjh2JOAah0pdczfqL8NC5378G7jMt0Zcpn8U+yyxAiejjlagzSTQgJHuVvka2VNPQlKfoGehYRc79WKq9E4gDw=="
  "resolved" "https://registry.npmjs.org/httpx/-/httpx-2.2.7.tgz"
  "version" "2.2.7"
  dependencies:
    "@types/node" "^14"
    "debug" "^4.1.1"

"iconv-lite@0.4.24":
  "integrity" "sha512-v3MXnZAcvnywkTUEZomIActle7RXXeedOR31wwl7VlyoXO4Qi9arvSenNQWne1TcRwhCL1HwLI21bEqdpj8/rA=="
  "resolved" "https://registry.npmjs.org/iconv-lite/-/iconv-lite-0.4.24.tgz"
  "version" "0.4.24"
  dependencies:
    "safer-buffer" ">= 2.1.2 < 3"

"inflation@^2.0.0":
  "integrity" "sha1-i0F+R8KPklpFEz2RTKH9OJEH8w8="
  "resolved" "https://registry.npmjs.org/inflation/-/inflation-2.0.0.tgz"
  "version" "2.0.0"

"inflight@^1.0.4":
  "integrity" "sha1-Sb1jMdfQLQwJvJEKEHW6gWW1bfk="
  "resolved" "https://registry.npmjs.org/inflight/-/inflight-1.0.6.tgz"
  "version" "1.0.6"
  dependencies:
    "once" "^1.3.0"
    "wrappy" "1"

"inherits@~2.0.3", "inherits@2", "inherits@2.0.4":
  "integrity" "sha512-k/vGaX4/Yla3WzyMCvTQOXYeIHvqOKtnqBduzTHpzpQZzAskKMhZ2K+EnBiSM9zGSoIFeMpXKxa4dYeZIQqewQ=="
  "resolved" "https://registry.npmjs.org/inherits/-/inherits-2.0.4.tgz"
  "version" "2.0.4"

"inherits@2.0.3":
  "integrity" "sha1-Yzwsg+PaQqUC9SRmAiSA9CCCYd4="
  "resolved" "https://registry.npmjs.org/inherits/-/inherits-2.0.3.tgz"
  "version" "2.0.3"

"ini@^1.3.4":
  "integrity" "sha512-JV/yugV2uzW5iMRSiZAyDtQd+nxtUnjeLt0acNdw98kKLrvuRVyB80tsREOE7yvGVgalhZ6RNXCmEHkUKBKxew=="
  "resolved" "https://registry.npmjs.org/ini/-/ini-1.3.8.tgz"
  "version" "1.3.8"

"is-buffer@^1.1.5", "is-buffer@~1.1.6":
  "integrity" "sha512-NcdALwpXkTm5Zvvbk7owOUSvVvBKDgKP5/ewfXEznmQFfs4ZRmanOeKBTjRVjka3QFoN6XJ+9F3USqfHqTaU5w=="
  "resolved" "https://registry.npmjs.org/is-buffer/-/is-buffer-1.1.6.tgz"
  "version" "1.1.6"

"is-extendable@^0.1.0":
  "integrity" "sha1-YrEQ4omkcUGOPsNqYX1HLjAd/Ik="
  "resolved" "https://registry.npmjs.org/is-extendable/-/is-extendable-0.1.1.tgz"
  "version" "0.1.1"

"is-generator-function@^1.0.7":
  "integrity" "sha512-jsEjy9l3yiXEQ+PsXdmBwEPcOxaXWLspKdplFUVI9vq1iZgIekeC0L167qeu86czQaxed3q/Uzuw0swL0irL8A=="
  "resolved" "https://registry.npmjs.org/is-generator-function/-/is-generator-function-1.0.10.tgz"
  "version" "1.0.10"
  dependencies:
    "has-tostringtag" "^1.0.0"

"is-whitespace@^0.3.0":
  "integrity" "sha1-Fjnssb4DauxppUy7QBz77XEUq38="
  "resolved" "https://registry.npmjs.org/is-whitespace/-/is-whitespace-0.3.0.tgz"
  "version" "0.3.0"

"isarray@~1.0.0":
  "integrity" "sha1-u5NdSFgsuhaMBoNJV6VKPgcSTxE="
  "resolved" "https://registry.npmjs.org/isarray/-/isarray-1.0.0.tgz"
  "version" "1.0.0"

"isarray@0.0.1":
  "integrity" "sha1-ihis/Kmo9Bd+Cav8YDiTmwXR7t8="
  "resolved" "https://registry.npmjs.org/isarray/-/isarray-0.0.1.tgz"
  "version" "0.0.1"

"js-beautify@^1.6.12":
  "integrity" "sha512-yuck9KirNSCAwyNJbqW+BxJqJ0NLJ4PwBUzQQACl5O3qHMBXVkXb/rD0ilh/Lat/tn88zSZ+CAHOlk0DsY7GuQ=="
  "resolved" "https://registry.npmjs.org/js-beautify/-/js-beautify-1.14.0.tgz"
  "version" "1.14.0"
  dependencies:
    "config-chain" "^1.1.12"
    "editorconfig" "^0.15.3"
    "glob" "^7.1.3"
    "nopt" "^5.0.0"

"json-bigint@^1.0.0":
  "integrity" "sha512-SiPv/8VpZuWbvLSMtTDU8hEfrZWg/mH/nV/b4o0CYbSxu1UIQPLdwKOCIyLQX+VIPO5vrLX3i8qtqFyhdPSUSQ=="
  "resolved" "https://registry.npmjs.org/json-bigint/-/json-bigint-1.0.0.tgz"
  "version" "1.0.0"
  dependencies:
    "bignumber.js" "^9.0.0"

"kareem@2.3.2":
  "integrity" "sha512-STHz9P7X2L4Kwn72fA4rGyqyXdmrMSdxqHx9IXon/FXluXieaFA6KJ2upcHAHxQPQ0LeM/OjLrhFxifHewOALQ=="
  "resolved" "https://registry.npmjs.org/kareem/-/kareem-2.3.2.tgz"
  "version" "2.3.2"

"keygrip@~1.1.0":
  "integrity" "sha512-iYSchDJ+liQ8iwbSI2QqsQOvqv58eJCEanyJPJi+Khyu8smkcKSFUCbPwzFcL7YVtZ6eONjqRX/38caJ7QjRAQ=="
  "resolved" "https://registry.npmjs.org/keygrip/-/keygrip-1.1.0.tgz"
  "version" "1.1.0"
  dependencies:
    "tsscmp" "1.0.6"

"kind-of@^3.0.2":
  "integrity" "sha1-MeohpzS6ubuw8yRm2JOupR5KPGQ="
  "resolved" "https://registry.npmjs.org/kind-of/-/kind-of-3.2.2.tgz"
  "version" "3.2.2"
  dependencies:
    "is-buffer" "^1.1.5"

"kitx@^1.2.1":
  "integrity" "sha512-fhBqFlXd0GkKTB+8ayLfpzPUw+LHxZlPAukPNBD1Om7JMeInT+/PxCAf1yLagvD+VKoyWhXtJR68xQkX/a0wOQ=="
  "resolved" "https://registry.npmjs.org/kitx/-/kitx-1.3.0.tgz"
  "version" "1.3.0"

"koa-body@^4.2.0":
  "integrity" "sha512-wdGu7b9amk4Fnk/ytH8GuWwfs4fsB5iNkY8kZPpgQVb04QZSv85T0M8reb+cJmvLE8cjPYvBzRikD3s6qz8OoA=="
  "resolved" "https://registry.npmjs.org/koa-body/-/koa-body-4.2.0.tgz"
  "version" "4.2.0"
  dependencies:
    "@types/formidable" "^1.0.31"
    "co-body" "^5.1.1"
    "formidable" "^1.1.1"

"koa-compose@^3.0.0":
  "integrity" "sha1-qFzLQLfZhtjlo0Wzoazo6rz1Tec="
  "resolved" "https://registry.npmjs.org/koa-compose/-/koa-compose-3.2.1.tgz"
  "version" "3.2.1"
  dependencies:
    "any-promise" "^1.1.0"

"koa-compose@^4.1.0":
  "integrity" "sha512-8ODW8TrDuMYvXRwra/Kh7/rJo9BtOfPc6qO8eAfC80CnCvSjSl0bkRM24X6/XBBEyj0v1nRUQ1LyOy3dbqOWXw=="
  "resolved" "https://registry.npmjs.org/koa-compose/-/koa-compose-4.1.0.tgz"
  "version" "4.1.0"

"koa-convert@^2.0.0":
  "integrity" "sha512-asOvN6bFlSnxewce2e/DK3p4tltyfC4VM7ZwuTuepI7dEQVcvpyFuBcEARu1+Hxg8DIwytce2n7jrZtRlPrARA=="
  "resolved" "https://registry.npmjs.org/koa-convert/-/koa-convert-2.0.0.tgz"
  "version" "2.0.0"
  dependencies:
    "co" "^4.6.0"
    "koa-compose" "^4.1.0"

"koa-mysql-session@^0.0.2":
  "integrity" "sha1-t/MvTdLDel95kiYXl8WTc3BO3Ik="
  "resolved" "https://registry.npmjs.org/koa-mysql-session/-/koa-mysql-session-0.0.2.tgz"
  "version" "0.0.2"
  dependencies:
    "co" "^3.1.0"
    "co-mysql" "^0.4.1"

"koa-router@^7.4.0":
  "integrity" "sha512-IWhaDXeAnfDBEpWS6hkGdZ1ablgr6Q6pGdXCyK38RbzuH4LkUOpPqPw+3f8l8aTDrQmBQ7xJc0bs2yV4dzcO+g=="
  "resolved" "https://registry.npmjs.org/koa-router/-/koa-router-7.4.0.tgz"
  "version" "7.4.0"
  dependencies:
    "debug" "^3.1.0"
    "http-errors" "^1.3.1"
    "koa-compose" "^3.0.0"
    "methods" "^1.0.1"
    "path-to-regexp" "^1.1.1"
    "urijs" "^1.19.0"

"koa-send@^4.1.3":
  "integrity" "sha512-3UetMBdaXSiw24qM2Mx5mKmxLKw5ZTPRjACjfhK6Haca55RKm9hr/uHDrkrxhSl5/S1CKI/RivZVIopiatZuTA=="
  "resolved" "https://registry.npmjs.org/koa-send/-/koa-send-4.1.3.tgz"
  "version" "4.1.3"
  dependencies:
    "debug" "^2.6.3"
    "http-errors" "^1.6.1"
    "mz" "^2.6.0"
    "resolve-path" "^1.4.0"

"koa-send@^5.0.0":
  "integrity" "sha512-tmcyQ/wXXuxpDxyNXv5yNNkdAMdFRqwtegBXUaowiQzUKqJehttS0x2j0eOZDQAyloAth5w6wwBImnFzkUz3pQ=="
  "resolved" "https://registry.npmjs.org/koa-send/-/koa-send-5.0.1.tgz"
  "version" "5.0.1"
  dependencies:
    "debug" "^4.1.1"
    "http-errors" "^1.7.3"
    "resolve-path" "^1.4.0"

"koa-session-minimal@^3.0.4":
  "integrity" "sha1-1qFb7u131dPiakIdu5imH2Oor80="
  "resolved" "https://registry.npmjs.org/koa-session-minimal/-/koa-session-minimal-3.0.4.tgz"
  "version" "3.0.4"
  dependencies:
    "co" "^4.6.0"
    "deep-equal" "^1.0.1"
    "uid-safe" "^2.1.2"

"koa-static@^4.0.3":
  "integrity" "sha512-JGmxTuPWy4bH7bt6gD/OMWkhprawvRmzJSr8TWKmTL4N7+IMv3s0SedeQi5S4ilxM9Bo6ptkCyXj/7wf+VS5tg=="
  "resolved" "https://registry.npmjs.org/koa-static/-/koa-static-4.0.3.tgz"
  "version" "4.0.3"
  dependencies:
    "debug" "^3.1.0"
    "koa-send" "^4.1.3"

"koa-views@^6.1.4":
  "integrity" "sha512-weIaPs2cCHWT2qK8qHRmwlZ29xRCvUVy1v/z12AGavVV5j4QIU0W/Y7OVBBu1sTkcO9dDJ25ajGYHGZ/aY43IQ=="
  "resolved" "https://registry.npmjs.org/koa-views/-/koa-views-6.3.1.tgz"
  "version" "6.3.1"
  dependencies:
    "consolidate" "0.15.1"
    "debug" "^4.1.0"
    "get-paths" "0.0.7"
    "koa-send" "^5.0.0"
    "mz" "^2.4.0"
    "pretty" "^2.0.0"

"koa@^2.5.1":
  "integrity" "sha512-43zkIKubNbnrULWlHdN5h1g3SEKXOEzoAlRsHOTFpnlDu8JlAOZSMJBLULusuXRequboiwJcj5vtYXKB3k7+2g=="
  "resolved" "https://registry.npmjs.org/koa/-/koa-2.13.4.tgz"
  "version" "2.13.4"
  dependencies:
    "accepts" "^1.3.5"
    "cache-content-type" "^1.0.0"
    "content-disposition" "~0.5.2"
    "content-type" "^1.0.4"
    "cookies" "~0.8.0"
    "debug" "^4.3.2"
    "delegates" "^1.0.0"
    "depd" "^2.0.0"
    "destroy" "^1.0.4"
    "encodeurl" "^1.0.2"
    "escape-html" "^1.0.3"
    "fresh" "~0.5.2"
    "http-assert" "^1.3.0"
    "http-errors" "^1.6.3"
    "is-generator-function" "^1.0.7"
    "koa-compose" "^4.1.0"
    "koa-convert" "^2.0.0"
    "on-finished" "^2.3.0"
    "only" "~0.0.2"
    "parseurl" "^1.3.2"
    "statuses" "^1.5.0"
    "type-is" "^1.6.16"
    "vary" "^1.1.2"

"lodash@^4.17.21":
  "integrity" "sha512-v2kDEe57lecTulaDIuNTPy3Ry4gLGJ6Z1O3vE1krgXZNrsQ+LFTGHVxVjcXPs17LhbZVGedAJv8XZ1tvj5FvSg=="
  "resolved" "https://registry.npmjs.org/lodash/-/lodash-4.17.21.tgz"
  "version" "4.17.21"

"lru-cache@^4.1.5":
  "integrity" "sha512-sWZlbEP2OsHNkXrMl5GYk/jKk70MBng6UU4YI/qGDYbgf6YbP4EvmqISbXCoJiRKs+1bSpFHVgQxvJ17F2li5g=="
  "resolved" "https://registry.npmjs.org/lru-cache/-/lru-cache-4.1.5.tgz"
  "version" "4.1.5"
  dependencies:
    "pseudomap" "^1.0.2"
    "yallist" "^2.1.2"

"md5@^2.2.1":
  "integrity" "sha512-T1GITYmFaKuO91vxyoQMFETst+O71VUPEU3ze5GNzDm0OWdP8v1ziTaAEPUr/3kLsY3Sftgz242A1SetQiDL7g=="
  "resolved" "https://registry.npmjs.org/md5/-/md5-2.3.0.tgz"
  "version" "2.3.0"
  dependencies:
    "charenc" "0.0.2"
    "crypt" "0.0.2"
    "is-buffer" "~1.1.6"

"media-typer@0.3.0":
  "integrity" "sha1-hxDXrwqmJvj/+hzgAWhUUmMlV0g="
  "resolved" "https://registry.npmjs.org/media-typer/-/media-typer-0.3.0.tgz"
  "version" "0.3.0"

"memory-pager@^1.0.2":
  "integrity" "sha512-ZS4Bp4r/Zoeq6+NLJpP+0Zzm0pR8whtGPf1XExKLJBAczGMnSi3It14OiNCStjQjM6NU1okjQGSxgEZN8eBYKg=="
  "resolved" "https://registry.npmjs.org/memory-pager/-/memory-pager-1.5.0.tgz"
  "version" "1.5.0"

"methods@^1.0.1":
  "integrity" "sha1-VSmk1nZUE07cxSZmVoNbD4Ua/O4="
  "resolved" "https://registry.npmjs.org/methods/-/methods-1.1.2.tgz"
  "version" "1.1.2"

"mime-db@1.51.0":
  "integrity" "sha512-5y8A56jg7XVQx2mbv1lu49NR4dokRnhZYTtL+KGfaa27uq4pSTXkwQkFJl4pkRMyNFz/EtYDSkiiEHx3F7UN6g=="
  "resolved" "https://registry.npmjs.org/mime-db/-/mime-db-1.51.0.tgz"
  "version" "1.51.0"

"mime-types@^2.1.18", "mime-types@~2.1.24", "mime-types@~2.1.34":
  "integrity" "sha512-6cP692WwGIs9XXdOO4++N+7qjqv0rqxxVvJ3VHPh/Sc9mVZcQP+ZGhkKiTvWMQRr2tbHkJP/Yn7Y0npb3ZBs4A=="
  "resolved" "https://registry.npmjs.org/mime-types/-/mime-types-2.1.34.tgz"
  "version" "2.1.34"
  dependencies:
    "mime-db" "1.51.0"

"minimatch@^3.0.4":
  "integrity" "sha512-J7p63hRiAjw1NDEww1W7i37+ByIrOWO5XQQAzZ3VOcL0PNybwpfmV/N05zFAzwQ9USyEcX6t3UO+K5aqBQOIHw=="
  "resolved" "https://registry.npmjs.org/minimatch/-/minimatch-3.1.2.tgz"
  "version" "3.1.2"
  dependencies:
    "brace-expansion" "^1.1.7"

"moment@^2.22.1":
  "integrity" "sha512-kHmoybcPV8Sqy59DwNDY3Jefr64lK/by/da0ViFcuA4DH0vQg5Q6Ze5VimxkfQNSC+Mls/Kx53s7TjP1RhFEDQ=="
  "resolved" "https://registry.npmjs.org/moment/-/moment-2.29.1.tgz"
  "version" "2.29.1"

"mongodb@3.7.3":
  "integrity" "sha512-Psm+g3/wHXhjBEktkxXsFMZvd3nemI0r3IPsE0bU+4//PnvNWKkzhZcEsbPcYiWqe8XqXJJEg4Tgtr7Raw67Yw=="
  "resolved" "https://registry.npmjs.org/mongodb/-/mongodb-3.7.3.tgz"
  "version" "3.7.3"
  dependencies:
    "bl" "^2.2.1"
    "bson" "^1.1.4"
    "denque" "^1.4.1"
    "optional-require" "^1.1.8"
    "safe-buffer" "^5.1.2"
  optionalDependencies:
    "saslprep" "^1.0.0"

"mongoose-legacy-pluralize@1.0.2":
  "integrity" "sha512-Yo/7qQU4/EyIS8YDFSeenIvXxZN+ld7YdV9LqFVQJzTLye8unujAWPZ4NWKfFA+RNjh+wvTWKY9Z3E5XM6ZZiQ=="
  "resolved" "https://registry.npmjs.org/mongoose-legacy-pluralize/-/mongoose-legacy-pluralize-1.0.2.tgz"
  "version" "1.0.2"

"mongoose@*", "mongoose@^5.6.11":
  "integrity" "sha512-j+BlQjjxgZg0iWn42kLeZTB91OejcxWpY2Z50bsZTiKJ7HHcEtcY21Godw496GMkBqJMTzmW7G/kZ04mW+Cb7Q=="
  "resolved" "https://registry.npmjs.org/mongoose/-/mongoose-5.13.14.tgz"
  "version" "5.13.14"
  dependencies:
    "@types/bson" "1.x || 4.0.x"
    "@types/mongodb" "^3.5.27"
    "bson" "^1.1.4"
    "kareem" "2.3.2"
    "mongodb" "3.7.3"
    "mongoose-legacy-pluralize" "1.0.2"
    "mpath" "0.8.4"
    "mquery" "3.2.5"
    "ms" "2.1.2"
    "optional-require" "1.0.x"
    "regexp-clone" "1.0.0"
    "safe-buffer" "5.2.1"
    "sift" "13.5.2"
    "sliced" "1.0.1"

"mpath@0.8.4":
  "integrity" "sha512-DTxNZomBcTWlrMW76jy1wvV37X/cNNxPW1y2Jzd4DZkAaC5ZGsm8bfGfNOthcDuRJujXLqiuS6o3Tpy0JEoh7g=="
  "resolved" "https://registry.npmjs.org/mpath/-/mpath-0.8.4.tgz"
  "version" "0.8.4"

"mquery@3.2.5":
  "integrity" "sha512-VjOKHHgU84wij7IUoZzFRU07IAxd5kWJaDmyUzQlbjHjyoeK5TNeeo8ZsFDtTYnSgpW6n/nMNIHvE3u8Lbrf4A=="
  "resolved" "https://registry.npmjs.org/mquery/-/mquery-3.2.5.tgz"
  "version" "3.2.5"
  dependencies:
    "bluebird" "3.5.1"
    "debug" "3.1.0"
    "regexp-clone" "^1.0.0"
    "safe-buffer" "5.1.2"
    "sliced" "1.0.1"

"ms@^2.1.1":
  "integrity" "sha512-6FlzubTLZG3J2a/NVCAleEhjzq5oxgHyaCU9yYXvcLsvoVaHJq/s5xXI6/XXP6tz7R9xAOtHnSO/tXtF3WRTlA=="
  "resolved" "https://registry.npmjs.org/ms/-/ms-2.1.3.tgz"
  "version" "2.1.3"

"ms@2.0.0":
  "integrity" "sha1-VgiurfwAvmwpAd9fmGF4jeDVl8g="
  "resolved" "https://registry.npmjs.org/ms/-/ms-2.0.0.tgz"
  "version" "2.0.0"

"ms@2.1.2":
  "integrity" "sha512-sGkPx+VjMtmA6MX27oA4FBFELFCZZ4S4XqeGOXCv68tT+jb3vk/RyaKWP0PTKyWtmLSM0b+adUTEvbs1PEaH2w=="
  "resolved" "https://registry.npmjs.org/ms/-/ms-2.1.2.tgz"
  "version" "2.1.2"

"mysql@*", "mysql@^2.15.0":
  "integrity" "sha512-Bca+gk2YWmqp2Uf6k5NFEurwY/0td0cpebAucFpY/3jhrwrVGuxU2uQFCHjU19SJfje0yQvi+rVWdq78hR5lig=="
  "resolved" "https://registry.npmjs.org/mysql/-/mysql-2.18.1.tgz"
  "version" "2.18.1"
  dependencies:
    "bignumber.js" "9.0.0"
    "readable-stream" "2.3.7"
    "safe-buffer" "5.1.2"
    "sqlstring" "2.3.1"

"mz@^2.4.0", "mz@^2.6.0":
  "integrity" "sha512-z81GNO7nnYMEhrGh9LeymoE4+Yr0Wn5McHIZMK5cfQCl+NDX08sCZgUc9/6MHni9IWuFLm1Z3HTCXu2z9fN62Q=="
  "resolved" "https://registry.npmjs.org/mz/-/mz-2.7.0.tgz"
  "version" "2.7.0"
  dependencies:
    "any-promise" "^1.0.0"
    "object-assign" "^4.0.1"
    "thenify-all" "^1.0.0"

"negotiator@0.6.3":
  "integrity" "sha512-+EUsqGPLsM+j/zdChZjsnX51g4XrHFOIXwfnCVPGlQk/k5giakcKsuxCObBRu6DSm9opw/O6slWbJdghQM4bBg=="
  "resolved" "https://registry.npmjs.org/negotiator/-/negotiator-0.6.3.tgz"
  "version" "0.6.3"

"node-uuid@^1.4.8":
  "integrity" "sha1-sEDrCSOWivq/jTL7HxfxFn/auQc="
  "resolved" "https://registry.npmjs.org/node-uuid/-/node-uuid-1.4.8.tgz"
  "version" "1.4.8"

"nopt@^5.0.0":
  "integrity" "sha512-Tbj67rffqceeLpcRXrT7vKAN8CwfPeIBgM7E6iBkmKLV7bEMwpGgYLGv0jACUsECaa/vuxP0IjEont6umdMgtQ=="
  "resolved" "https://registry.npmjs.org/nopt/-/nopt-5.0.0.tgz"
  "version" "5.0.0"
  dependencies:
    "abbrev" "1"

"object-assign@^4.0.1":
  "integrity" "sha1-IQmtx5ZYh8/AXLvUQsrIv7s2CGM="
  "resolved" "https://registry.npmjs.org/object-assign/-/object-assign-4.1.1.tgz"
  "version" "4.1.1"

"object-inspect@^1.9.0":
  "integrity" "sha512-Ho2z80bVIvJloH+YzRmpZVQe87+qASmBUKZDWgx9cu+KDrX2ZDH/3tMy+gXbZETVGs2M8YdxObOh7XAtim9Y0g=="
  "resolved" "https://registry.npmjs.org/object-inspect/-/object-inspect-1.12.0.tgz"
  "version" "1.12.0"

"on-finished@^2.3.0":
  "integrity" "sha512-SLhghll9XN3OK9DGGmXDaxw6rq7Eza7HfuwdAy1w5S/YWieJ7Jtuv2NfFqnOtu8whIMP81QkEESy8y9/CMccbg=="
  "resolved" "https://registry.npmjs.org/on-finished/-/on-finished-2.4.0.tgz"
  "version" "2.4.0"
  dependencies:
    "ee-first" "1.1.1"

"once@^1.3.0":
  "integrity" "sha1-WDsap3WWHUsROsF9nFC6753Xa9E="
  "resolved" "https://registry.npmjs.org/once/-/once-1.4.0.tgz"
  "version" "1.4.0"
  dependencies:
    "wrappy" "1"

"only@~0.0.2":
  "integrity" "sha1-Kv3oTQPlC5qO3EROMGEKcCle37Q="
  "resolved" "https://registry.npmjs.org/only/-/only-0.0.2.tgz"
  "version" "0.0.2"

"optional-require@^1.1.8":
  "integrity" "sha512-jq83qaUb0wNg9Krv1c5OQ+58EK+vHde6aBPzLvPPqJm89UQWsvSuFy9X/OSNJnFeSOKo7btE0n8Nl2+nE+z5nA=="
  "resolved" "https://registry.npmjs.org/optional-require/-/optional-require-1.1.8.tgz"
  "version" "1.1.8"
  dependencies:
    "require-at" "^1.0.6"

"optional-require@1.0.x":
  "integrity" "sha512-RV2Zp2MY2aeYK5G+B/Sps8lW5NHAzE5QClbFP15j+PWmP+T9PxlJXBOOLoSAdgwFvS4t0aMR4vpedMkbHfh0nA=="
  "resolved" "https://registry.npmjs.org/optional-require/-/optional-require-1.0.3.tgz"
  "version" "1.0.3"

"parseurl@^1.3.2":
  "integrity" "sha512-CiyeOxFT/JZyN5m0z9PfXw4SCBJ6Sygz1Dpl0wqjlhDEGGBP1GnsUVEL0p63hoG1fcj3fHynXi9NYO4nWOL+qQ=="
  "resolved" "https://registry.npmjs.org/parseurl/-/parseurl-1.3.3.tgz"
  "version" "1.3.3"

"path-is-absolute@^1.0.0", "path-is-absolute@1.0.1":
  "integrity" "sha1-F0uSaHNVNP+8es5r9TpanhtcX18="
  "resolved" "https://registry.npmjs.org/path-is-absolute/-/path-is-absolute-1.0.1.tgz"
  "version" "1.0.1"

"path-to-regexp@^1.1.1":
  "integrity" "sha512-n43JRhlUKUAlibEJhPeir1ncUID16QnEjNpwzNdO3Lm4ywrBpBZ5oLD0I6br9evr1Y9JTqwRtAh7JLoOzAQdVA=="
  "resolved" "https://registry.npmjs.org/path-to-regexp/-/path-to-regexp-1.8.0.tgz"
  "version" "1.8.0"
  dependencies:
    "isarray" "0.0.1"

"pify@^4.0.1":
  "integrity" "sha512-uB80kBFb/tfd68bVleG9T5GGsGPjJrLAUpR5PZIrhBnIaRTQRjqdJSsIKkOP6OAIFbj7GOrcudc5pNjZ+geV2g=="
  "resolved" "https://registry.npmjs.org/pify/-/pify-4.0.1.tgz"
  "version" "4.0.1"

"pretty@^2.0.0":
  "integrity" "sha1-rbx5YLe7/iiaVX3F9zdhmiINBqU="
  "resolved" "https://registry.npmjs.org/pretty/-/pretty-2.0.0.tgz"
  "version" "2.0.0"
  dependencies:
    "condense-newlines" "^0.2.1"
    "extend-shallow" "^2.0.1"
    "js-beautify" "^1.6.12"

"process-nextick-args@~2.0.0":
  "integrity" "sha512-3ouUOpQhtgrbOa17J7+uxOTpITYWaGP7/AhoR3+A+/1e9skrzelGi/dXzEYyvbxubEF6Wn2ypscTKiKJFFn1ag=="
  "resolved" "https://registry.npmjs.org/process-nextick-args/-/process-nextick-args-2.0.1.tgz"
  "version" "2.0.1"

"proto-list@~1.2.1":
  "integrity" "sha1-IS1b/hMYMGpCD2QCuOJv85ZHqEk="
  "resolved" "https://registry.npmjs.org/proto-list/-/proto-list-1.2.4.tgz"
  "version" "1.2.4"

"pseudomap@^1.0.2":
  "integrity" "sha1-8FKijacOYYkX7wqKw0wa5aaChrM="
  "resolved" "https://registry.npmjs.org/pseudomap/-/pseudomap-1.0.2.tgz"
  "version" "1.0.2"

"qs@^6.4.0":
  "integrity" "sha512-wr7M2E0OFRfIfJZjKGieI8lBKb7fRCH4Fv5KNPEs7gJ8jadvotdsS08PzOKR7opXhZ/Xkjtt3WF9g38drmyRqQ=="
  "resolved" "https://registry.npmjs.org/qs/-/qs-6.10.3.tgz"
  "version" "6.10.3"
  dependencies:
    "side-channel" "^1.0.4"

"random-bytes@~1.0.0":
  "integrity" "sha1-T2ih3Arli9P7lYSMMDJNt11kNgs="
  "resolved" "https://registry.npmjs.org/random-bytes/-/random-bytes-1.0.0.tgz"
  "version" "1.0.0"

"raw-body@^2.2.0":
  "integrity" "sha512-XpyZ6O7PVu3ItMQl0LslfsRoKxMOxi3SzDkrOtxMES5AqLFpYjQCryxI4LGygUN2jL+RgFsPkMPPlG7cg/47+A=="
  "resolved" "https://registry.npmjs.org/raw-body/-/raw-body-2.5.0.tgz"
  "version" "2.5.0"
  dependencies:
    "bytes" "3.1.2"
    "http-errors" "2.0.0"
    "iconv-lite" "0.4.24"
    "unpipe" "1.0.0"

"readable-stream@^2.3.5", "readable-stream@2.3.7":
  "integrity" "sha512-Ebho8K4jIbHAxnuxi7o42OrZgF/ZTNcsZj6nRKyUmkhLFq8CHItp/fy6hQZuZmP/n3yZ9VBUbp4zz/mX8hmYPw=="
  "resolved" "https://registry.npmjs.org/readable-stream/-/readable-stream-2.3.7.tgz"
  "version" "2.3.7"
  dependencies:
    "core-util-is" "~1.0.0"
    "inherits" "~2.0.3"
    "isarray" "~1.0.0"
    "process-nextick-args" "~2.0.0"
    "safe-buffer" "~5.1.1"
    "string_decoder" "~1.1.1"
    "util-deprecate" "~1.0.1"

"regexp-clone@^1.0.0", "regexp-clone@1.0.0":
  "integrity" "sha512-TuAasHQNamyyJ2hb97IuBEif4qBHGjPHBS64sZwytpLEqtBQ1gPJTnOaQ6qmpET16cK14kkjbazl6+p0RRv0yw=="
  "resolved" "https://registry.npmjs.org/regexp-clone/-/regexp-clone-1.0.0.tgz"
  "version" "1.0.0"

"require-at@^1.0.6":
  "integrity" "sha512-7i1auJbMUrXEAZCOQ0VNJgmcT2VOKPRl2YGJwgpHpC9CE91Mv4/4UYIUm4chGJaI381ZDq1JUicFii64Hapd8g=="
  "resolved" "https://registry.npmjs.org/require-at/-/require-at-1.0.6.tgz"
  "version" "1.0.6"

"resolve-path@^1.4.0":
  "integrity" "sha1-xL2p9e+y/OZSR4c6s2u02DT+Fvc="
  "resolved" "https://registry.npmjs.org/resolve-path/-/resolve-path-1.4.0.tgz"
  "version" "1.4.0"
  dependencies:
    "http-errors" "~1.6.2"
    "path-is-absolute" "1.0.1"

"safe-buffer@^5.1.1", "safe-buffer@^5.1.2", "safe-buffer@~5.1.0", "safe-buffer@~5.1.1", "safe-buffer@5.1.2":
  "integrity" "sha512-Gd2UZBJDkXlY7GbJxfsE8/nvKkUEU1G38c1siN6QP6a9PT9MmHB8GnpscSmMJSoF8LOIrt8ud/wPtojys4G6+g=="
  "resolved" "https://registry.npmjs.org/safe-buffer/-/safe-buffer-5.1.2.tgz"
  "version" "5.1.2"

"safe-buffer@5.2.1":
  "integrity" "sha512-rp3So07KcdmmKbGvgaNxQSJr7bGVSVk5S9Eq1F+ppbRo70+YeaDxkw5Dd8NPN+GD6bjnYm2VuPuCXmpuYvmCXQ=="
  "resolved" "https://registry.npmjs.org/safe-buffer/-/safe-buffer-5.2.1.tgz"
  "version" "5.2.1"

"safer-buffer@>= 2.1.2 < 3":
  "integrity" "sha512-YZo3K82SD7Riyi0E1EQPojLz7kpepnSQI9IyPbHHg1XXXevb5dJI7tpyN2ADxGcQbHG7vcyRHk0cbwqcQriUtg=="
  "resolved" "https://registry.npmjs.org/safer-buffer/-/safer-buffer-2.1.2.tgz"
  "version" "2.1.2"

"saslprep@^1.0.0":
  "integrity" "sha512-/MY/PEMbk2SuY5sScONwhUDsV2p77Znkb/q3nSVstq/yQzYJOH/Azh29p9oJLsl3LnQwSvZDKagDGBsBwSooag=="
  "resolved" "https://registry.npmjs.org/saslprep/-/saslprep-1.0.3.tgz"
  "version" "1.0.3"
  dependencies:
    "sparse-bitfield" "^3.0.3"

"sax@>=0.6.0":
  "integrity" "sha512-NqVDv9TpANUjFm0N8uM5GxL36UgKi9/atZw+x7YFnQ8ckwFGKrl4xX4yWtrey3UJm5nP1kUbnYgLopqWNSRhWw=="
  "resolved" "https://registry.npmjs.org/sax/-/sax-1.2.4.tgz"
  "version" "1.2.4"

"semver@^5.6.0":
  "integrity" "sha512-sauaDf/PZdVgrLTNYHRtpXa1iRiKcaebiKQ1BJdpQlWH2lCvexQdX55snPFyK7QzpudqbCI0qXFfOasHdyNDGQ=="
  "resolved" "https://registry.npmjs.org/semver/-/semver-5.7.1.tgz"
  "version" "5.7.1"

"setprototypeof@1.1.0":
  "integrity" "sha512-BvE/TwpZX4FXExxOxZyRGQQv651MSwmWKZGqvmPcRIjDqWub67kTKuIMx43cZZrS/cBBzwBcNDWoFxt2XEFIpQ=="
  "resolved" "https://registry.npmjs.org/setprototypeof/-/setprototypeof-1.1.0.tgz"
  "version" "1.1.0"

"setprototypeof@1.2.0":
  "integrity" "sha512-E5LDX7Wrp85Kil5bhZv46j8jOeboKq5JMmYM3gVGdGH8xFpPWXUMsNrlODCrkoxMEeNi/XZIwuRvY4XNwYMJpw=="
  "resolved" "https://registry.npmjs.org/setprototypeof/-/setprototypeof-1.2.0.tgz"
  "version" "1.2.0"

"side-channel@^1.0.4":
  "integrity" "sha512-q5XPytqFEIKHkGdiMIrY10mvLRvnQh42/+GoBlFW3b2LXLE2xxJpZFdm94we0BaoV3RwJyGqg5wS7epxTv0Zvw=="
  "resolved" "https://registry.npmjs.org/side-channel/-/side-channel-1.0.4.tgz"
  "version" "1.0.4"
  dependencies:
    "call-bind" "^1.0.0"
    "get-intrinsic" "^1.0.2"
    "object-inspect" "^1.9.0"

"sift@13.5.2":
  "integrity" "sha512-+gxdEOMA2J+AI+fVsCqeNn7Tgx3M9ZN9jdi95939l1IJ8cZsqS8sqpJyOkic2SJk+1+98Uwryt/gL6XDaV+UZA=="
  "resolved" "https://registry.npmjs.org/sift/-/sift-13.5.2.tgz"
  "version" "13.5.2"

"sigmund@^1.0.1":
  "integrity" "sha1-P/IfGYytIXX587eBhT/ZTQ0ZtZA="
  "resolved" "https://registry.npmjs.org/sigmund/-/sigmund-1.0.1.tgz"
  "version" "1.0.1"

"sliced@1.0.1":
  "integrity" "sha1-CzpmK10Ewxd7GSa+qCsD+Dei70E="
  "resolved" "https://registry.npmjs.org/sliced/-/sliced-1.0.1.tgz"
  "version" "1.0.1"

"sparse-bitfield@^3.0.3":
  "integrity" "sha1-/0rm5oZWBWuks+eSqzM004JzyhE="
  "resolved" "https://registry.npmjs.org/sparse-bitfield/-/sparse-bitfield-3.0.3.tgz"
  "version" "3.0.3"
  dependencies:
    "memory-pager" "^1.0.2"

"sqlstring@2.3.1":
  "integrity" "sha1-R1OT/56RR5rqYtyvDKPRSYOn+0A="
  "resolved" "https://registry.npmjs.org/sqlstring/-/sqlstring-2.3.1.tgz"
  "version" "2.3.1"

"statuses@^1.5.0", "statuses@>= 1.4.0 < 2", "statuses@>= 1.5.0 < 2":
  "integrity" "sha1-Fhx9rBd2Wf2YEfQ3cfqZOBR4Yow="
  "resolved" "https://registry.npmjs.org/statuses/-/statuses-1.5.0.tgz"
  "version" "1.5.0"

"statuses@2.0.1":
  "integrity" "sha512-RwNA9Z/7PrK06rYLIzFMlaF+l73iwpzsqRIFgbMLbTcLD6cOao82TaWefPXQvB2fOC4AjuYSEndS7N/mTCbkdQ=="
  "resolved" "https://registry.npmjs.org/statuses/-/statuses-2.0.1.tgz"
  "version" "2.0.1"

"string_decoder@~1.1.1":
  "integrity" "sha512-n/ShnvDi6FHbbVfviro+WojiFzv+s8MPMHBczVePfUpDJLwoLT0ht1l4YwBCbi8pJAveEEdnkHyPyTP/mzRfwg=="
  "resolved" "https://registry.npmjs.org/string_decoder/-/string_decoder-1.1.1.tgz"
  "version" "1.1.1"
  dependencies:
    "safe-buffer" "~5.1.0"

"thenify-all@^1.0.0":
  "integrity" "sha1-GhkY1ALY/D+Y+/I02wvMjMEOlyY="
  "resolved" "https://registry.npmjs.org/thenify-all/-/thenify-all-1.6.0.tgz"
  "version" "1.6.0"
  dependencies:
    "thenify" ">= 3.1.0 < 4"

"thenify@>= 3.1.0 < 4":
  "integrity" "sha512-RVZSIV5IG10Hk3enotrhvz0T9em6cyHBLkH/YAZuKqd8hRkKhSfCGIcP2KUY0EPxndzANBmNllzWPwak+bheSw=="
  "resolved" "https://registry.npmjs.org/thenify/-/thenify-3.3.1.tgz"
  "version" "3.3.1"
  dependencies:
    "any-promise" "^1.0.0"

"toidentifier@1.0.1":
  "integrity" "sha512-o5sSPKEkg/DIQNmH43V0/uerLrpzVedkUh8tGNvaeXpfpuwjKenlSox/2O/BTlZUtEe+JG7s5YhEz608PlAHRA=="
  "resolved" "https://registry.npmjs.org/toidentifier/-/toidentifier-1.0.1.tgz"
  "version" "1.0.1"

"tsscmp@1.0.6":
  "integrity" "sha512-LxhtAkPDTkVCMQjt2h6eBVY28KCjikZqZfMcC15YBeNjkgUpdCfBu5HoiOTDu86v6smE8yOjyEktJ8hlbANHQA=="
  "resolved" "https://registry.npmjs.org/tsscmp/-/tsscmp-1.0.6.tgz"
  "version" "1.0.6"

"type-is@^1.6.14", "type-is@^1.6.16":
  "integrity" "sha512-TkRKr9sUTxEH8MdfuCSP7VizJyzRNMjj2J2do2Jr3Kym598JVdEksuzPQCnlFPW4ky9Q+iA+ma9BGm06XQBy8g=="
  "resolved" "https://registry.npmjs.org/type-is/-/type-is-1.6.18.tgz"
  "version" "1.6.18"
  dependencies:
    "media-typer" "0.3.0"
    "mime-types" "~2.1.24"

"uid-safe@^2.1.2":
  "integrity" "sha512-KPHm4VL5dDXKz01UuEd88Df+KzynaohSL9fBh096KWAxSKZQDI2uBrVqtvRM4rwrIrRRKsdLNML/lnaaVSRioA=="
  "resolved" "https://registry.npmjs.org/uid-safe/-/uid-safe-2.1.5.tgz"
  "version" "2.1.5"
  dependencies:
    "random-bytes" "~1.0.0"

"unpipe@1.0.0":
  "integrity" "sha1-sr9O6FFKrmFltIF4KdIbLvSZBOw="
  "resolved" "https://registry.npmjs.org/unpipe/-/unpipe-1.0.0.tgz"
  "version" "1.0.0"

"urijs@^1.19.0":
  "integrity" "sha512-iIXHrjomQ0ZCuDRy44wRbyTZVnfVNLVo3Ksz1yxNyE5wV1IDZW2S5Jszy45DTlw/UdsnRT7DyDhIz7Gy+vJumw=="
  "resolved" "https://registry.npmjs.org/urijs/-/urijs-1.19.8.tgz"
  "version" "1.19.8"

"util-deprecate@~1.0.1":
  "integrity" "sha1-RQ1Nyfpw3nMnYvvS1KKJgUGaDM8="
  "resolved" "https://registry.npmjs.org/util-deprecate/-/util-deprecate-1.0.2.tgz"
  "version" "1.0.2"

"vary@^1.1.2":
  "integrity" "sha1-IpnwLG3tMNSllhsLn3RSShj2NPw="
  "resolved" "https://registry.npmjs.org/vary/-/vary-1.1.2.tgz"
  "version" "1.1.2"

"wrappy@1":
  "integrity" "sha1-tSQ9jz7BqjXxNkYFvA0QNuMKtp8="
  "resolved" "https://registry.npmjs.org/wrappy/-/wrappy-1.0.2.tgz"
  "version" "1.0.2"

"xml2js@^0.4.17":
  "integrity" "sha512-ySPiMjM0+pLDftHgXY4By0uswI3SPKLDw/i3UXbnO8M/p28zqexCUoPmQFrYD+/1BzhGJSs2i1ERWKJAtiLrug=="
  "resolved" "https://registry.npmjs.org/xml2js/-/xml2js-0.4.23.tgz"
  "version" "0.4.23"
  dependencies:
    "sax" ">=0.6.0"
    "xmlbuilder" "~11.0.0"

"xmlbuilder@~11.0.0":
  "integrity" "sha512-fDlsI/kFEx7gLvbecc0/ohLG50fugQp8ryHzMTuW9vSa1GJ0XYWKnhsUx7oie3G98+r56aTQIUB4kht42R3JvA=="
  "resolved" "https://registry.npmjs.org/xmlbuilder/-/xmlbuilder-11.0.1.tgz"
  "version" "11.0.1"

"yallist@^2.1.2":
  "integrity" "sha1-HBH5IY8HYImkfdUS+TxmmaaoHVI="
  "resolved" "https://registry.npmjs.org/yallist/-/yallist-2.1.2.tgz"
  "version" "2.1.2"

"ylru@^1.2.0":
  "integrity" "sha512-faQrqNMzcPCHGVC2aaOINk13K+aaBDUPjGWl0teOXywElLjyVAB6Oe2jj62jHYtwsU49jXhScYbvPENK+6zAvQ=="
  "resolved" "https://registry.npmjs.org/ylru/-/ylru-1.2.1.tgz"
  "version" "1.2.1"
